
Microsoft Visual Studio Solution File, Format Version 12.00
# Visual Studio Version 17
VisualStudioVersion = 17.2.32516.85
MinimumVisualStudioVersion = 10.0.40219.1
Project("{FAE04EC0-301F-11D3-BF4B-00C04F79EFBC}") = "AppMVCBasica", "AppMVCBasica.csproj", "{F487C742-3968-47BF-8BD6-9ED2297B6D6B}"
EndProject
Global
	GlobalSection(SolutionConfigurationPlatforms) = preSolution
		Debug|Any CPU = Debug|Any CPU
		Release|Any CPU = Release|Any CPU
	EndGlobalSection
	GlobalSection(ProjectConfigurationPlatforms) = postSolution
		{F487C742-3968-47BF-8BD6-9ED2297B6D6B}.Debug|Any CPU.ActiveCfg = Debug|Any CPU
		{F487C742-3968-47BF-8BD6-9ED2297B6D6B}.Debug|Any CPU.Build.0 = Debug|Any CPU
		{F487C742-3968-47BF-8BD6-9ED2297B6D6B}.Release|Any CPU.ActiveCfg = Release|Any CPU
		{F487C742-3968-47BF-8BD6-9ED2297B6D6B}.Release|Any CPU.Build.0 = Release|Any CPU
	EndGlobalSection
	GlobalSection(SolutionProperties) = preSolution
		HideSolutionNode = FALSE
	EndGlobalSection
	GlobalSection(ExtensibilityGlobals) = postSolution
		SolutionGuid = {B0FFBC26-21D4-4A99-9F09-4C2BE66CF8D7}
	EndGlobalSection
EndGlobal
